<?xml version="1.0" encoding="UTF-8" standalone="yes" ?>
<CodeBlocks_project_file>
	<FileVersion major="1" minor="6" />
	<Project>
		<Option title="BatGUI" />
		<Option pch_mode="2" />
		<Option compiler="gcc" />
		<Build>
			<Target title="Debug">
				<Option output="bin/Debug/BatGUI" prefix_auto="1" extension_auto="1" />
				<Option object_output="obj/Debug/" />
				<Option type="1" />
				<Option compiler="gcc" />
				<Compiler>
					<Add option="-std=c++11" />
					<Add option="-g" />
					<Add directory="displaygui" />
				</Compiler>
				<Linker>
					<Add option="-lserial" />
					<Add option="-lpthread" />
					<Add option="-lSDL2" />
					<Add option="-lSDL2_image" />
				</Linker>
			</Target>
			<Target title="Release">
				<Option output="bin/Release/BatGUI" prefix_auto="1" extension_auto="1" />
				<Option object_output="obj/Release/" />
				<Option type="1" />
				<Option compiler="gcc" />
				<Compiler>
					<Add option="-O2" />
					<Add directory="displaygui" />
				</Compiler>
				<Linker>
					<Add option="-s" />
				</Linker>
			</Target>
		</Build>
		<Compiler>
			<Add option="-Wall" />
		</Compiler>
		<Linker>
			<Add option="-lSDL2" />
			<Add option="-lserial" />
			<Add option="-lpthread" />
		</Linker>
		<Unit filename="GUI.cpp" />
		<Unit filename="arduinoserial/Heartbeat.cpp" />
		<Unit filename="arduinoserial/StreamSetup.cpp" />
		<Unit filename="arduinoserial/TrigPoll.cpp" />
		<Unit filename="arduinoserial/arduinoserial.h" />
		<Unit filename="displaygui/Button.cpp" />
		<Unit filename="displaygui/Button.h" />
		<Unit filename="displaygui/CloseDisplay.cpp" />
		<Unit filename="displaygui/InitDisplay.cpp" />
		<Unit filename="displaygui/LoadMedia.cpp" />
		<Unit filename="displaygui/LoadTexture.cpp" />
		<Unit filename="displaygui/TexWrap.cpp" />
		<Unit filename="displaygui/TexWrap.h" />
		<Unit filename="displaygui/displaygui.h" />
		<Extensions>
			<code_completion />
			<debugger />
		</Extensions>
	</Project>
</CodeBlocks_project_file>
